
Microsoft Visual Studio Solution File, Format Version 12.00
# Visual Studio Version 17
VisualStudioVersion = 17.5.33530.505
MinimumVisualStudioVersion = 10.0.40219.1
Project("{FAE04EC0-301F-11D3-BF4B-00C04F79EFBC}") = "CustomerApi", "CustomerApi.csproj", "{DFE25A21-0402-436D-8093-465CBDB264EC}"
EndProject
Global
	GlobalSection(SolutionConfigurationPlatforms) = preSolution
		Debug|Any CPU = Debug|Any CPU
		Release|Any CPU = Release|Any CPU
	EndGlobalSection
	GlobalSection(ProjectConfigurationPlatforms) = postSolution
		{DFE25A21-0402-436D-8093-465CBDB264EC}.Debug|Any CPU.ActiveCfg = Debug|Any CPU
		{DFE25A21-0402-436D-8093-465CBDB264EC}.Debug|Any CPU.Build.0 = Debug|Any CPU
		{DFE25A21-0402-436D-8093-465CBDB264EC}.Release|Any CPU.ActiveCfg = Release|Any CPU
		{DFE25A21-0402-436D-8093-465CBDB264EC}.Release|Any CPU.Build.0 = Release|Any CPU
	EndGlobalSection
	GlobalSection(SolutionProperties) = preSolution
		HideSolutionNode = FALSE
	EndGlobalSection
	GlobalSection(ExtensibilityGlobals) = postSolution
		SolutionGuid = {0B6FD386-2FC5-4DB8-B46C-7F3A9BE49B1D}
	EndGlobalSection
EndGlobal
